
Microsoft Visual Studio Solution File, Format Version 12.00
# Visual Studio Version 16
VisualStudioVersion = 16.0.30717.126
MinimumVisualStudioVersion = 10.0.40219.1
Project("{9A19103F-16F7-4668-BE54-9A1E7A4F7556}") = "Lesson1_ArrayList", "Lesson1_ArrayList\Lesson1_ArrayList.csproj", "{C2C2A872-7B45-462D-A1A2-BD4D921DAF4C}"
EndProject
Project("{9A19103F-16F7-4668-BE54-9A1E7A4F7556}") = "Lesson2_Stack", "Lesson2_Stack\Lesson2_Stack.csproj", "{A4AA8874-7DD2-4096-82DC-AF14E7E645A7}"
EndProject
Project("{9A19103F-16F7-4668-BE54-9A1E7A4F7556}") = "Lesson3_Hashtable", "Lesson3_Hashtable\Lesson3_Hashtable.csproj", "{149EA79C-3777-4953-980E-8E7C0C0C31B3}"
EndProject
Project("{9A19103F-16F7-4668-BE54-9A1E7A4F7556}") = "Lesson4_泛型", "Lesson4_泛型\Lesson4_泛型.csproj", "{7008E6C1-42FA-4DA4-AA38-522F7A218038}"
EndProject
Project("{9A19103F-16F7-4668-BE54-9A1E7A4F7556}") = "Lesson5_泛型约束", "Lesson5_泛型约束\Lesson5_泛型约束.csproj", "{170067AC-2A0E-4028-892E-17DE4A5F3461}"
EndProject
Project("{9A19103F-16F7-4668-BE54-9A1E7A4F7556}") = "Lesson7_List", "Lesson7_List\Lesson7_List.csproj", "{34263584-A0F2-43ED-B87D-CBC6695A2615}"
EndProject
Project("{9A19103F-16F7-4668-BE54-9A1E7A4F7556}") = "Lesson8_Dictionary", "Lesson8_Dictionary\Lesson8_Dictionary.csproj", "{69FC71CA-1939-4815-8A9E-C3E56DC74704}"
EndProject
Project("{9A19103F-16F7-4668-BE54-9A1E7A4F7556}") = "Lesson9_顺序存储和链式存储", "Lesson9_顺序存储和链式存储\Lesson9_顺序存储和链式存储.csproj", "{8315F3F8-39E5-4B81-AA68-5E47537368D6}"
EndProject
Project("{9A19103F-16F7-4668-BE54-9A1E7A4F7556}") = "Practice", "Practice\Practice.csproj", "{CA9DE8FB-9F95-41FB-855A-D19CAC9BD137}"
EndProject
Project("{9A19103F-16F7-4668-BE54-9A1E7A4F7556}") = "Lesson9练习题", "Lesson9练习题\Lesson9练习题.csproj", "{807C5257-FA3A-43CC-9D81-C4FD56CE69FC}"
EndProject
Project("{9A19103F-16F7-4668-BE54-9A1E7A4F7556}") = "Lesson10_LinkedList", "Lesson10_LinkedList\Lesson10_LinkedList.csproj", "{3247DCA0-157D-407F-A7C9-1ADA715D45DE}"
EndProject
Project("{9A19103F-16F7-4668-BE54-9A1E7A4F7556}") = "Lesson12_委托", "Lesson12_委托\Lesson12_委托.csproj", "{10F2C48B-3AD2-4EE6-A1C5-EC3BAEC8ED17}"
EndProject
Project("{9A19103F-16F7-4668-BE54-9A1E7A4F7556}") = "Lesson13_事件", "Lesson13_事件\Lesson13_事件.csproj", "{AF75D374-DCE2-4A46-A01D-18080E3CD208}"
EndProject
Project("{9A19103F-16F7-4668-BE54-9A1E7A4F7556}") = "Lesson14_匿名函数", "Lesson14_匿名函数\Lesson14_匿名函数.csproj", "{79D50965-C657-4142-9F2A-E7554C69FF97}"
EndProject
Project("{9A19103F-16F7-4668-BE54-9A1E7A4F7556}") = "Lesson15_Lambda表达式", "Lesson15_Lambda表达式\Lesson15_Lambda表达式.csproj", "{5EDC7912-017E-4F55-8B26-A790A0EC4414}"
EndProject
Project("{9A19103F-16F7-4668-BE54-9A1E7A4F7556}") = "Lesson16_List排序", "Lesson16_List排序\Lesson16_List排序.csproj", "{6ECBC5CF-148D-42A3-91EC-E43F816470E7}"
EndProject
Project("{9A19103F-16F7-4668-BE54-9A1E7A4F7556}") = "Lesson17_协变逆变", "Lesson17_协变逆变\Lesson17_协变逆变.csproj", "{E2EB04DB-DED4-4908-AC54-42BC4B4A90AA}"
EndProject
Project("{9A19103F-16F7-4668-BE54-9A1E7A4F7556}") = "Lesson18_多线程", "Lesson18_多线程\Lesson18_多线程.csproj", "{62A8FEFB-BCD4-4BF1-906A-8CDFC33FC621}"
EndProject
Project("{9A19103F-16F7-4668-BE54-9A1E7A4F7556}") = "Lesson19_预处理指令", "Lesson19_预处理指令\Lesson19_预处理指令.csproj", "{86C3BF2D-5FEB-4573-AA65-457CBEACE723}"
EndProject
Project("{9A19103F-16F7-4668-BE54-9A1E7A4F7556}") = "Lesson20_反射_Assembly_Activator", "Lesson20_反射_Assembly_Activator\Lesson20_反射_Assembly_Activator.csproj", "{4E82206D-7E44-463D-8D85-49D381D52A6E}"
EndProject
Project("{FAE04EC0-301F-11D3-BF4B-00C04F79EFBC}") = "类库测试", "类库测试\类库测试.csproj", "{C0AE4081-B106-4F06-9857-AD7007CC8004}"
EndProject
Project("{FAE04EC0-301F-11D3-BF4B-00C04F79EFBC}") = "Lesson20_反射_Assembly_Activator_练习题", "Lesson20_反射_Assembly_Activator_练习题\Lesson20_反射_Assembly_Activator_练习题.csproj", "{79837F7E-2CA7-42B6-A579-A5E34F57878F}"
EndProject
Project("{FAE04EC0-301F-11D3-BF4B-00C04F79EFBC}") = "Lesson20", "Lesson20\Lesson20.csproj", "{DB802946-2432-40F3-8E15-DBFA6A3C70AC}"
EndProject
Global
	GlobalSection(SolutionConfigurationPlatforms) = preSolution
		Debug|Any CPU = Debug|Any CPU
		Release|Any CPU = Release|Any CPU
	EndGlobalSection
	GlobalSection(ProjectConfigurationPlatforms) = postSolution
		{C2C2A872-7B45-462D-A1A2-BD4D921DAF4C}.Debug|Any CPU.ActiveCfg = Debug|Any CPU
		{C2C2A872-7B45-462D-A1A2-BD4D921DAF4C}.Debug|Any CPU.Build.0 = Debug|Any CPU
		{C2C2A872-7B45-462D-A1A2-BD4D921DAF4C}.Release|Any CPU.ActiveCfg = Release|Any CPU
		{C2C2A872-7B45-462D-A1A2-BD4D921DAF4C}.Release|Any CPU.Build.0 = Release|Any CPU
		{A4AA8874-7DD2-4096-82DC-AF14E7E645A7}.Debug|Any CPU.ActiveCfg = Debug|Any CPU
		{A4AA8874-7DD2-4096-82DC-AF14E7E645A7}.Debug|Any CPU.Build.0 = Debug|Any CPU
		{A4AA8874-7DD2-4096-82DC-AF14E7E645A7}.Release|Any CPU.ActiveCfg = Release|Any CPU
		{A4AA8874-7DD2-4096-82DC-AF14E7E645A7}.Release|Any CPU.Build.0 = Release|Any CPU
		{149EA79C-3777-4953-980E-8E7C0C0C31B3}.Debug|Any CPU.ActiveCfg = Debug|Any CPU
		{149EA79C-3777-4953-980E-8E7C0C0C31B3}.Debug|Any CPU.Build.0 = Debug|Any CPU
		{149EA79C-3777-4953-980E-8E7C0C0C31B3}.Release|Any CPU.ActiveCfg = Release|Any CPU
		{149EA79C-3777-4953-980E-8E7C0C0C31B3}.Release|Any CPU.Build.0 = Release|Any CPU
		{7008E6C1-42FA-4DA4-AA38-522F7A218038}.Debug|Any CPU.ActiveCfg = Debug|Any CPU
		{7008E6C1-42FA-4DA4-AA38-522F7A218038}.Debug|Any CPU.Build.0 = Debug|Any CPU
		{7008E6C1-42FA-4DA4-AA38-522F7A218038}.Release|Any CPU.ActiveCfg = Release|Any CPU
		{7008E6C1-42FA-4DA4-AA38-522F7A218038}.Release|Any CPU.Build.0 = Release|Any CPU
		{170067AC-2A0E-4028-892E-17DE4A5F3461}.Debug|Any CPU.ActiveCfg = Debug|Any CPU
		{170067AC-2A0E-4028-892E-17DE4A5F3461}.Debug|Any CPU.Build.0 = Debug|Any CPU
		{170067AC-2A0E-4028-892E-17DE4A5F3461}.Release|Any CPU.ActiveCfg = Release|Any CPU
		{170067AC-2A0E-4028-892E-17DE4A5F3461}.Release|Any CPU.Build.0 = Release|Any CPU
		{34263584-A0F2-43ED-B87D-CBC6695A2615}.Debug|Any CPU.ActiveCfg = Debug|Any CPU
		{34263584-A0F2-43ED-B87D-CBC6695A2615}.Debug|Any CPU.Build.0 = Debug|Any CPU
		{34263584-A0F2-43ED-B87D-CBC6695A2615}.Release|Any CPU.ActiveCfg = Release|Any CPU
		{34263584-A0F2-43ED-B87D-CBC6695A2615}.Release|Any CPU.Build.0 = Release|Any CPU
		{69FC71CA-1939-4815-8A9E-C3E56DC74704}.Debug|Any CPU.ActiveCfg = Debug|Any CPU
		{69FC71CA-1939-4815-8A9E-C3E56DC74704}.Debug|Any CPU.Build.0 = Debug|Any CPU
		{69FC71CA-1939-4815-8A9E-C3E56DC74704}.Release|Any CPU.ActiveCfg = Release|Any CPU
		{69FC71CA-1939-4815-8A9E-C3E56DC74704}.Release|Any CPU.Build.0 = Release|Any CPU
		{8315F3F8-39E5-4B81-AA68-5E47537368D6}.Debug|Any CPU.ActiveCfg = Debug|Any CPU
		{8315F3F8-39E5-4B81-AA68-5E47537368D6}.Debug|Any CPU.Build.0 = Debug|Any CPU
		{8315F3F8-39E5-4B81-AA68-5E47537368D6}.Release|Any CPU.ActiveCfg = Release|Any CPU
		{8315F3F8-39E5-4B81-AA68-5E47537368D6}.Release|Any CPU.Build.0 = Release|Any CPU
		{CA9DE8FB-9F95-41FB-855A-D19CAC9BD137}.Debug|Any CPU.ActiveCfg = Debug|Any CPU
		{CA9DE8FB-9F95-41FB-855A-D19CAC9BD137}.Debug|Any CPU.Build.0 = Debug|Any CPU
		{CA9DE8FB-9F95-41FB-855A-D19CAC9BD137}.Release|Any CPU.ActiveCfg = Release|Any CPU
		{CA9DE8FB-9F95-41FB-855A-D19CAC9BD137}.Release|Any CPU.Build.0 = Release|Any CPU
		{807C5257-FA3A-43CC-9D81-C4FD56CE69FC}.Debug|Any CPU.ActiveCfg = Debug|Any CPU
		{807C5257-FA3A-43CC-9D81-C4FD56CE69FC}.Debug|Any CPU.Build.0 = Debug|Any CPU
		{807C5257-FA3A-43CC-9D81-C4FD56CE69FC}.Release|Any CPU.ActiveCfg = Release|Any CPU
		{807C5257-FA3A-43CC-9D81-C4FD56CE69FC}.Release|Any CPU.Build.0 = Release|Any CPU
		{3247DCA0-157D-407F-A7C9-1ADA715D45DE}.Debug|Any CPU.ActiveCfg = Debug|Any CPU
		{3247DCA0-157D-407F-A7C9-1ADA715D45DE}.Debug|Any CPU.Build.0 = Debug|Any CPU
		{3247DCA0-157D-407F-A7C9-1ADA715D45DE}.Release|Any CPU.ActiveCfg = Release|Any CPU
		{3247DCA0-157D-407F-A7C9-1ADA715D45DE}.Release|Any CPU.Build.0 = Release|Any CPU
		{10F2C48B-3AD2-4EE6-A1C5-EC3BAEC8ED17}.Debug|Any CPU.ActiveCfg = Debug|Any CPU
		{10F2C48B-3AD2-4EE6-A1C5-EC3BAEC8ED17}.Debug|Any CPU.Build.0 = Debug|Any CPU
		{10F2C48B-3AD2-4EE6-A1C5-EC3BAEC8ED17}.Release|Any CPU.ActiveCfg = Release|Any CPU
		{10F2C48B-3AD2-4EE6-A1C5-EC3BAEC8ED17}.Release|Any CPU.Build.0 = Release|Any CPU
		{AF75D374-DCE2-4A46-A01D-18080E3CD208}.Debug|Any CPU.ActiveCfg = Debug|Any CPU
		{AF75D374-DCE2-4A46-A01D-18080E3CD208}.Debug|Any CPU.Build.0 = Debug|Any CPU
		{AF75D374-DCE2-4A46-A01D-18080E3CD208}.Release|Any CPU.ActiveCfg = Release|Any CPU
		{AF75D374-DCE2-4A46-A01D-18080E3CD208}.Release|Any CPU.Build.0 = Release|Any CPU
		{79D50965-C657-4142-9F2A-E7554C69FF97}.Debug|Any CPU.ActiveCfg = Debug|Any CPU
		{79D50965-C657-4142-9F2A-E7554C69FF97}.Debug|Any CPU.Build.0 = Debug|Any CPU
		{79D50965-C657-4142-9F2A-E7554C69FF97}.Release|Any CPU.ActiveCfg = Release|Any CPU
		{79D50965-C657-4142-9F2A-E7554C69FF97}.Release|Any CPU.Build.0 = Release|Any CPU
		{5EDC7912-017E-4F55-8B26-A790A0EC4414}.Debug|Any CPU.ActiveCfg = Debug|Any CPU
		{5EDC7912-017E-4F55-8B26-A790A0EC4414}.Debug|Any CPU.Build.0 = Debug|Any CPU
		{5EDC7912-017E-4F55-8B26-A790A0EC4414}.Release|Any CPU.ActiveCfg = Release|Any CPU
		{5EDC7912-017E-4F55-8B26-A790A0EC4414}.Release|Any CPU.Build.0 = Release|Any CPU
		{6ECBC5CF-148D-42A3-91EC-E43F816470E7}.Debug|Any CPU.ActiveCfg = Debug|Any CPU
		{6ECBC5CF-148D-42A3-91EC-E43F816470E7}.Debug|Any CPU.Build.0 = Debug|Any CPU
		{6ECBC5CF-148D-42A3-91EC-E43F816470E7}.Release|Any CPU.ActiveCfg = Release|Any CPU
		{6ECBC5CF-148D-42A3-91EC-E43F816470E7}.Release|Any CPU.Build.0 = Release|Any CPU
		{E2EB04DB-DED4-4908-AC54-42BC4B4A90AA}.Debug|Any CPU.ActiveCfg = Debug|Any CPU
		{E2EB04DB-DED4-4908-AC54-42BC4B4A90AA}.Debug|Any CPU.Build.0 = Debug|Any CPU
		{E2EB04DB-DED4-4908-AC54-42BC4B4A90AA}.Release|Any CPU.ActiveCfg = Release|Any CPU
		{E2EB04DB-DED4-4908-AC54-42BC4B4A90AA}.Release|Any CPU.Build.0 = Release|Any CPU
		{62A8FEFB-BCD4-4BF1-906A-8CDFC33FC621}.Debug|Any CPU.ActiveCfg = Debug|Any CPU
		{62A8FEFB-BCD4-4BF1-906A-8CDFC33FC621}.Debug|Any CPU.Build.0 = Debug|Any CPU
		{62A8FEFB-BCD4-4BF1-906A-8CDFC33FC621}.Release|Any CPU.ActiveCfg = Release|Any CPU
		{62A8FEFB-BCD4-4BF1-906A-8CDFC33FC621}.Release|Any CPU.Build.0 = Release|Any CPU
		{86C3BF2D-5FEB-4573-AA65-457CBEACE723}.Debug|Any CPU.ActiveCfg = Debug|Any CPU
		{86C3BF2D-5FEB-4573-AA65-457CBEACE723}.Debug|Any CPU.Build.0 = Debug|Any CPU
		{86C3BF2D-5FEB-4573-AA65-457CBEACE723}.Release|Any CPU.ActiveCfg = Release|Any CPU
		{86C3BF2D-5FEB-4573-AA65-457CBEACE723}.Release|Any CPU.Build.0 = Release|Any CPU
		{4E82206D-7E44-463D-8D85-49D381D52A6E}.Debug|Any CPU.ActiveCfg = Debug|Any CPU
		{4E82206D-7E44-463D-8D85-49D381D52A6E}.Debug|Any CPU.Build.0 = Debug|Any CPU
		{4E82206D-7E44-463D-8D85-49D381D52A6E}.Release|Any CPU.ActiveCfg = Release|Any CPU
		{4E82206D-7E44-463D-8D85-49D381D52A6E}.Release|Any CPU.Build.0 = Release|Any CPU
		{C0AE4081-B106-4F06-9857-AD7007CC8004}.Debug|Any CPU.ActiveCfg = Debug|Any CPU
		{C0AE4081-B106-4F06-9857-AD7007CC8004}.Debug|Any CPU.Build.0 = Debug|Any CPU
		{C0AE4081-B106-4F06-9857-AD7007CC8004}.Release|Any CPU.ActiveCfg = Release|Any CPU
		{C0AE4081-B106-4F06-9857-AD7007CC8004}.Release|Any CPU.Build.0 = Release|Any CPU
		{79837F7E-2CA7-42B6-A579-A5E34F57878F}.Debug|Any CPU.ActiveCfg = Debug|Any CPU
		{79837F7E-2CA7-42B6-A579-A5E34F57878F}.Debug|Any CPU.Build.0 = Debug|Any CPU
		{79837F7E-2CA7-42B6-A579-A5E34F57878F}.Release|Any CPU.ActiveCfg = Release|Any CPU
		{79837F7E-2CA7-42B6-A579-A5E34F57878F}.Release|Any CPU.Build.0 = Release|Any CPU
		{DB802946-2432-40F3-8E15-DBFA6A3C70AC}.Debug|Any CPU.ActiveCfg = Debug|Any CPU
		{DB802946-2432-40F3-8E15-DBFA6A3C70AC}.Debug|Any CPU.Build.0 = Debug|Any CPU
		{DB802946-2432-40F3-8E15-DBFA6A3C70AC}.Release|Any CPU.ActiveCfg = Release|Any CPU
		{DB802946-2432-40F3-8E15-DBFA6A3C70AC}.Release|Any CPU.Build.0 = Release|Any CPU
	EndGlobalSection
	GlobalSection(SolutionProperties) = preSolution
		HideSolutionNode = FALSE
	EndGlobalSection
	GlobalSection(ExtensibilityGlobals) = postSolution
		SolutionGuid = {9A1074E6-398A-4FC9-9CD6-03D16CC33C17}
	EndGlobalSection
EndGlobal
